// !$*UTF8*$!
{
	archiveVersion = 1;
	classes = {
	};
	objectVersion = 46;
	objects = {

/* Begin PBXBuildFile section */
		2ACD618519260EBD005E5DA5 /* Foundation.framework in Frameworks */ = {isa = PBXBuildFile; fileRef = 2ACD618419260EBD005E5DA5 /* Foundation.framework */; };
		2ACD618719260EBD005E5DA5 /* CoreGraphics.framework in Frameworks */ = {isa = PBXBuildFile; fileRef = 2ACD618619260EBD005E5DA5 /* CoreGraphics.framework */; };
		2ACD618919260EBD005E5DA5 /* UIKit.framework in Frameworks */ = {isa = PBXBuildFile; fileRef = 2ACD618819260EBD005E5DA5 /* UIKit.framework */; };
		2ACD618F19260EBD005E5DA5 /* InfoPlist.strings in Resources */ = {isa = PBXBuildFile; fileRef = 2ACD618D19260EBD005E5DA5 /* InfoPlist.strings */; };
		2ACD619119260EBD005E5DA5 /* main.m in Sources */ = {isa = PBXBuildFile; fileRef = 2ACD619019260EBD005E5DA5 /* main.m */; };
		2ACD619519260EBD005E5DA5 /* APAppDelegate.m in Sources */ = {isa = PBXBuildFile; fileRef = 2ACD619419260EBD005E5DA5 /* APAppDelegate.m */; };
		2ACD619719260EBD005E5DA5 /* Images.xcassets in Resources */ = {isa = PBXBuildFile; fileRef = 2ACD619619260EBD005E5DA5 /* Images.xcassets */; };
		2ACD619E19260EBD005E5DA5 /* XCTest.framework in Frameworks */ = {isa = PBXBuildFile; fileRef = 2ACD619D19260EBD005E5DA5 /* XCTest.framework */; };
		2ACD619F19260EBD005E5DA5 /* Foundation.framework in Frameworks */ = {isa = PBXBuildFile; fileRef = 2ACD618419260EBD005E5DA5 /* Foundation.framework */; };
		2ACD61A019260EBD005E5DA5 /* UIKit.framework in Frameworks */ = {isa = PBXBuildFile; fileRef = 2ACD618819260EBD005E5DA5 /* UIKit.framework */; };
		2ACD61A819260EBD005E5DA5 /* InfoPlist.strings in Resources */ = {isa = PBXBuildFile; fileRef = 2ACD61A619260EBD005E5DA5 /* InfoPlist.strings */; };
		2ACD61AA19260EBD005E5DA5 /* APNumberPadTests.m in Sources */ = {isa = PBXBuildFile; fileRef = 2ACD61A919260EBD005E5DA5 /* APNumberPadTests.m */; };
		2ACD620619261A19005E5DA5 /* APNumberPadExampleViewController.m in Sources */ = {isa = PBXBuildFile; fileRef = 2ACD620519261A19005E5DA5 /* APNumberPadExampleViewController.m */; };
		2ACD620919261D53005E5DA5 /* APNumberPad.bundle in Resources */ = {isa = PBXBuildFile; fileRef = 2ACD620819261D53005E5DA5 /* APNumberPad.bundle */; };
		B23467A11974A61800FE3F7A /* APNumberButton.m in Sources */ = {isa = PBXBuildFile; fileRef = B234679C1974A61800FE3F7A /* APNumberButton.m */; };
		B23467A21974A61800FE3F7A /* APNumberPad.m in Sources */ = {isa = PBXBuildFile; fileRef = B234679E1974A61800FE3F7A /* APNumberPad.m */; };
		B23467A31974A61800FE3F7A /* APNumberPadDefaultStyle.m in Sources */ = {isa = PBXBuildFile; fileRef = B23467A01974A61800FE3F7A /* APNumberPadDefaultStyle.m */; };
		B23467A61974A66A00FE3F7A /* APDarkPadStyle.m in Sources */ = {isa = PBXBuildFile; fileRef = B23467A51974A66A00FE3F7A /* APDarkPadStyle.m */; };
		B2DD031B197578030051DD71 /* APBluePadStyle.m in Sources */ = {isa = PBXBuildFile; fileRef = B2DD031A197578030051DD71 /* APBluePadStyle.m */; };
/* End PBXBuildFile section */

/* Begin PBXContainerItemProxy section */
		2ACD61A119260EBD005E5DA5 /* PBXContainerItemProxy */ = {
			isa = PBXContainerItemProxy;
			containerPortal = 2ACD617919260EBD005E5DA5 /* Project object */;
			proxyType = 1;
			remoteGlobalIDString = 2ACD618019260EBD005E5DA5;
			remoteInfo = APNumberPad;
		};
/* End PBXContainerItemProxy section */

/* Begin PBXFileReference section */
		2A4F2A55197DA26500ADEB96 /* APNumberPadStyle.h */ = {isa = PBXFileReference; lastKnownFileType = sourcecode.c.h; path = APNumberPadStyle.h; sourceTree = "<group>"; };
		2ACD618119260EBD005E5DA5 /* APNumberPad.app */ = {isa = PBXFileReference; explicitFileType = wrapper.application; includeInIndex = 0; path = APNumberPad.app; sourceTree = BUILT_PRODUCTS_DIR; };
		2ACD618419260EBD005E5DA5 /* Foundation.framework */ = {isa = PBXFileReference; lastKnownFileType = wrapper.framework; name = Foundation.framework; path = System/Library/Frameworks/Foundation.framework; sourceTree = SDKROOT; };
		2ACD618619260EBD005E5DA5 /* CoreGraphics.framework */ = {isa = PBXFileReference; lastKnownFileType = wrapper.framework; name = CoreGraphics.framework; path = System/Library/Frameworks/CoreGraphics.framework; sourceTree = SDKROOT; };
		2ACD618819260EBD005E5DA5 /* UIKit.framework */ = {isa = PBXFileReference; lastKnownFileType = wrapper.framework; name = UIKit.framework; path = System/Library/Frameworks/UIKit.framework; sourceTree = SDKROOT; };
		2ACD618C19260EBD005E5DA5 /* APNumberPad-Info.plist */ = {isa = PBXFileReference; lastKnownFileType = text.plist.xml; path = "APNumberPad-Info.plist"; sourceTree = "<group>"; };
		2ACD618E19260EBD005E5DA5 /* en */ = {isa = PBXFileReference; lastKnownFileType = text.plist.strings; name = en; path = en.lproj/InfoPlist.strings; sourceTree = "<group>"; };
		2ACD619019260EBD005E5DA5 /* main.m */ = {isa = PBXFileReference; lastKnownFileType = sourcecode.c.objc; path = main.m; sourceTree = "<group>"; };
		2ACD619219260EBD005E5DA5 /* APNumberPad-Prefix.pch */ = {isa = PBXFileReference; lastKnownFileType = sourcecode.c.h; path = "APNumberPad-Prefix.pch"; sourceTree = "<group>"; };
		2ACD619319260EBD005E5DA5 /* APAppDelegate.h */ = {isa = PBXFileReference; lastKnownFileType = sourcecode.c.h; path = APAppDelegate.h; sourceTree = "<group>"; };
		2ACD619419260EBD005E5DA5 /* APAppDelegate.m */ = {isa = PBXFileReference; lastKnownFileType = sourcecode.c.objc; path = APAppDelegate.m; sourceTree = "<group>"; };
		2ACD619619260EBD005E5DA5 /* Images.xcassets */ = {isa = PBXFileReference; lastKnownFileType = folder.assetcatalog; path = Images.xcassets; sourceTree = "<group>"; };
		2ACD619C19260EBD005E5DA5 /* APNumberPadTests.xctest */ = {isa = PBXFileReference; explicitFileType = wrapper.cfbundle; includeInIndex = 0; path = APNumberPadTests.xctest; sourceTree = BUILT_PRODUCTS_DIR; };
		2ACD619D19260EBD005E5DA5 /* XCTest.framework */ = {isa = PBXFileReference; lastKnownFileType = wrapper.framework; name = XCTest.framework; path = Library/Frameworks/XCTest.framework; sourceTree = DEVELOPER_DIR; };
		2ACD61A519260EBD005E5DA5 /* APNumberPadTests-Info.plist */ = {isa = PBXFileReference; lastKnownFileType = text.plist.xml; path = "APNumberPadTests-Info.plist"; sourceTree = "<group>"; };
		2ACD61A719260EBD005E5DA5 /* en */ = {isa = PBXFileReference; lastKnownFileType = text.plist.strings; name = en; path = en.lproj/InfoPlist.strings; sourceTree = "<group>"; };
		2ACD61A919260EBD005E5DA5 /* APNumberPadTests.m */ = {isa = PBXFileReference; lastKnownFileType = sourcecode.c.objc; path = APNumberPadTests.m; sourceTree = "<group>"; };
		2ACD620419261A19005E5DA5 /* APNumberPadExampleViewController.h */ = {isa = PBXFileReference; fileEncoding = 4; lastKnownFileType = sourcecode.c.h; path = APNumberPadExampleViewController.h; sourceTree = "<group>"; };
		2ACD620519261A19005E5DA5 /* APNumberPadExampleViewController.m */ = {isa = PBXFileReference; fileEncoding = 4; lastKnownFileType = sourcecode.c.objc; path = APNumberPadExampleViewController.m; sourceTree = "<group>"; };
		2ACD620819261D53005E5DA5 /* APNumberPad.bundle */ = {isa = PBXFileReference; lastKnownFileType = "wrapper.plug-in"; path = APNumberPad.bundle; sourceTree = "<group>"; };
		B234679B1974A61800FE3F7A /* APNumberButton.h */ = {isa = PBXFileReference; fileEncoding = 4; lastKnownFileType = sourcecode.c.h; path = APNumberButton.h; sourceTree = "<group>"; };
		B234679C1974A61800FE3F7A /* APNumberButton.m */ = {isa = PBXFileReference; fileEncoding = 4; lastKnownFileType = sourcecode.c.objc; path = APNumberButton.m; sourceTree = "<group>"; };
		B234679D1974A61800FE3F7A /* APNumberPad.h */ = {isa = PBXFileReference; fileEncoding = 4; lastKnownFileType = sourcecode.c.h; path = APNumberPad.h; sourceTree = "<group>"; };
		B234679E1974A61800FE3F7A /* APNumberPad.m */ = {isa = PBXFileReference; fileEncoding = 4; lastKnownFileType = sourcecode.c.objc; path = APNumberPad.m; sourceTree = "<group>"; };
		B234679F1974A61800FE3F7A /* APNumberPadDefaultStyle.h */ = {isa = PBXFileReference; fileEncoding = 4; lastKnownFileType = sourcecode.c.h; path = APNumberPadDefaultStyle.h; sourceTree = "<group>"; };
		B23467A01974A61800FE3F7A /* APNumberPadDefaultStyle.m */ = {isa = PBXFileReference; fileEncoding = 4; lastKnownFileType = sourcecode.c.objc; path = APNumberPadDefaultStyle.m; sourceTree = "<group>"; };
		B23467A41974A66A00FE3F7A /* APDarkPadStyle.h */ = {isa = PBXFileReference; fileEncoding = 4; lastKnownFileType = sourcecode.c.h; path = APDarkPadStyle.h; sourceTree = "<group>"; };
		B23467A51974A66A00FE3F7A /* APDarkPadStyle.m */ = {isa = PBXFileReference; fileEncoding = 4; lastKnownFileType = sourcecode.c.objc; path = APDarkPadStyle.m; sourceTree = "<group>"; };
		B2DD0319197578030051DD71 /* APBluePadStyle.h */ = {isa = PBXFileReference; fileEncoding = 4; lastKnownFileType = sourcecode.c.h; path = APBluePadStyle.h; sourceTree = "<group>"; };
		B2DD031A197578030051DD71 /* APBluePadStyle.m */ = {isa = PBXFileReference; fileEncoding = 4; lastKnownFileType = sourcecode.c.objc; path = APBluePadStyle.m; sourceTree = "<group>"; };
/* End PBXFileReference section */

/* Begin PBXFrameworksBuildPhase section */
		2ACD617E19260EBD005E5DA5 /* Frameworks */ = {
			isa = PBXFrameworksBuildPhase;
			buildActionMask = 2147483647;
			files = (
				2ACD618719260EBD005E5DA5 /* CoreGraphics.framework in Frameworks */,
				2ACD618919260EBD005E5DA5 /* UIKit.framework in Frameworks */,
				2ACD618519260EBD005E5DA5 /* Foundation.framework in Frameworks */,
			);
			runOnlyForDeploymentPostprocessing = 0;
		};
		2ACD619919260EBD005E5DA5 /* Frameworks */ = {
			isa = PBXFrameworksBuildPhase;
			buildActionMask = 2147483647;
			files = (
				2ACD619E19260EBD005E5DA5 /* XCTest.framework in Frameworks */,
				2ACD61A019260EBD005E5DA5 /* UIKit.framework in Frameworks */,
				2ACD619F19260EBD005E5DA5 /* Foundation.framework in Frameworks */,
			);
			runOnlyForDeploymentPostprocessing = 0;
		};
/* End PBXFrameworksBuildPhase section */

/* Begin PBXGroup section */
		2ACD617819260EBD005E5DA5 = {
			isa = PBXGroup;
			children = (
				2ACD618A19260EBD005E5DA5 /* APNumberPad */,
				2ACD61A319260EBD005E5DA5 /* APNumberPadTests */,
				2ACD618319260EBD005E5DA5 /* Frameworks */,
				2ACD618219260EBD005E5DA5 /* Products */,
			);
			sourceTree = "<group>";
		};
		2ACD618219260EBD005E5DA5 /* Products */ = {
			isa = PBXGroup;
			children = (
				2ACD618119260EBD005E5DA5 /* APNumberPad.app */,
				2ACD619C19260EBD005E5DA5 /* APNumberPadTests.xctest */,
			);
			name = Products;
			sourceTree = "<group>";
		};
		2ACD618319260EBD005E5DA5 /* Frameworks */ = {
			isa = PBXGroup;
			children = (
				2ACD618419260EBD005E5DA5 /* Foundation.framework */,
				2ACD618619260EBD005E5DA5 /* CoreGraphics.framework */,
				2ACD618819260EBD005E5DA5 /* UIKit.framework */,
				2ACD619D19260EBD005E5DA5 /* XCTest.framework */,
			);
			name = Frameworks;
			sourceTree = "<group>";
		};
		2ACD618A19260EBD005E5DA5 /* APNumberPad */ = {
			isa = PBXGroup;
			children = (
				B234679A1974A61800FE3F7A /* APNumberPad */,
				B23467991974A59B00FE3F7A /* DemoStyles */,
				2ACD620819261D53005E5DA5 /* APNumberPad.bundle */,
				2ACD619319260EBD005E5DA5 /* APAppDelegate.h */,
				2ACD619419260EBD005E5DA5 /* APAppDelegate.m */,
				2ACD619619260EBD005E5DA5 /* Images.xcassets */,
				2ACD618B19260EBD005E5DA5 /* Supporting Files */,
				2ACD620419261A19005E5DA5 /* APNumberPadExampleViewController.h */,
				2ACD620519261A19005E5DA5 /* APNumberPadExampleViewController.m */,
			);
			path = APNumberPad;
			sourceTree = "<group>";
		};
		2ACD618B19260EBD005E5DA5 /* Supporting Files */ = {
			isa = PBXGroup;
			children = (
				2ACD618C19260EBD005E5DA5 /* APNumberPad-Info.plist */,
				2ACD618D19260EBD005E5DA5 /* InfoPlist.strings */,
				2ACD619019260EBD005E5DA5 /* main.m */,
				2ACD619219260EBD005E5DA5 /* APNumberPad-Prefix.pch */,
			);
			name = "Supporting Files";
			sourceTree = "<group>";
		};
		2ACD61A319260EBD005E5DA5 /* APNumberPadTests */ = {
			isa = PBXGroup;
			children = (
				2ACD61A919260EBD005E5DA5 /* APNumberPadTests.m */,
				2ACD61A419260EBD005E5DA5 /* Supporting Files */,
			);
			path = APNumberPadTests;
			sourceTree = "<group>";
		};
		2ACD61A419260EBD005E5DA5 /* Supporting Files */ = {
			isa = PBXGroup;
			children = (
				2ACD61A519260EBD005E5DA5 /* APNumberPadTests-Info.plist */,
				2ACD61A619260EBD005E5DA5 /* InfoPlist.strings */,
			);
			name = "Supporting Files";
			sourceTree = "<group>";
		};
		B23467991974A59B00FE3F7A /* DemoStyles */ = {
			isa = PBXGroup;
			children = (
				B23467A41974A66A00FE3F7A /* APDarkPadStyle.h */,
				B23467A51974A66A00FE3F7A /* APDarkPadStyle.m */,
				B2DD0319197578030051DD71 /* APBluePadStyle.h */,
				B2DD031A197578030051DD71 /* APBluePadStyle.m */,
			);
			path = DemoStyles;
			sourceTree = "<group>";
		};
		B234679A1974A61800FE3F7A /* APNumberPad */ = {
			isa = PBXGroup;
			children = (
				B234679B1974A61800FE3F7A /* APNumberButton.h */,
				B234679C1974A61800FE3F7A /* APNumberButton.m */,
				B234679D1974A61800FE3F7A /* APNumberPad.h */,
				B234679E1974A61800FE3F7A /* APNumberPad.m */,
				B234679F1974A61800FE3F7A /* APNumberPadDefaultStyle.h */,
				B23467A01974A61800FE3F7A /* APNumberPadDefaultStyle.m */,
				2A4F2A55197DA26500ADEB96 /* APNumberPadStyle.h */,
			);
			path = APNumberPad;
			sourceTree = "<group>";
		};
/* End PBXGroup section */

/* Begin PBXNativeTarget section */
		2ACD618019260EBD005E5DA5 /* APNumberPad */ = {
			isa = PBXNativeTarget;
			buildConfigurationList = 2ACD61AD19260EBD005E5DA5 /* Build configuration list for PBXNativeTarget "APNumberPad" */;
			buildPhases = (
				2ACD617D19260EBD005E5DA5 /* Sources */,
				2ACD617E19260EBD005E5DA5 /* Frameworks */,
				2ACD617F19260EBD005E5DA5 /* Resources */,
			);
			buildRules = (
			);
			dependencies = (
			);
			name = APNumberPad;
			productName = APNumberPad;
			productReference = 2ACD618119260EBD005E5DA5 /* APNumberPad.app */;
			productType = "com.apple.product-type.application";
		};
		2ACD619B19260EBD005E5DA5 /* APNumberPadTests */ = {
			isa = PBXNativeTarget;
			buildConfigurationList = 2ACD61B019260EBD005E5DA5 /* Build configuration list for PBXNativeTarget "APNumberPadTests" */;
			buildPhases = (
				2ACD619819260EBD005E5DA5 /* Sources */,
				2ACD619919260EBD005E5DA5 /* Frameworks */,
				2ACD619A19260EBD005E5DA5 /* Resources */,
			);
			buildRules = (
			);
			dependencies = (
				2ACD61A219260EBD005E5DA5 /* PBXTargetDependency */,
			);
			name = APNumberPadTests;
			productName = APNumberPadTests;
			productReference = 2ACD619C19260EBD005E5DA5 /* APNumberPadTests.xctest */;
			productType = "com.apple.product-type.bundle.unit-test";
		};
/* End PBXNativeTarget section */

/* Begin PBXProject section */
		2ACD617919260EBD005E5DA5 /* Project object */ = {
			isa = PBXProject;
			attributes = {
				CLASSPREFIX = AP;
				LastUpgradeCheck = 0510;
				ORGANIZATIONNAME = "Andrew Podkovyrin";
				TargetAttributes = {
					2ACD619B19260EBD005E5DA5 = {
						TestTargetID = 2ACD618019260EBD005E5DA5;
					};
				};
			};
			buildConfigurationList = 2ACD617C19260EBD005E5DA5 /* Build configuration list for PBXProject "APNumberPad" */;
			compatibilityVersion = "Xcode 3.2";
			developmentRegion = English;
			hasScannedForEncodings = 0;
			knownRegions = (
				en,
			);
			mainGroup = 2ACD617819260EBD005E5DA5;
			productRefGroup = 2ACD618219260EBD005E5DA5 /* Products */;
			projectDirPath = "";
			projectRoot = "";
			targets = (
				2ACD618019260EBD005E5DA5 /* APNumberPad */,
				2ACD619B19260EBD005E5DA5 /* APNumberPadTests */,
			);
		};
/* End PBXProject section */

/* Begin PBXResourcesBuildPhase section */
		2ACD617F19260EBD005E5DA5 /* Resources */ = {
			isa = PBXResourcesBuildPhase;
			buildActionMask = 2147483647;
			files = (
				2ACD618F19260EBD005E5DA5 /* InfoPlist.strings in Resources */,
				2ACD619719260EBD005E5DA5 /* Images.xcassets in Resources */,
				2ACD620919261D53005E5DA5 /* APNumberPad.bundle in Resources */,
			);
			runOnlyForDeploymentPostprocessing = 0;
		};
		2ACD619A19260EBD005E5DA5 /* Resources */ = {
			isa = PBXResourcesBuildPhase;
			buildActionMask = 2147483647;
			files = (
				2ACD61A819260EBD005E5DA5 /* InfoPlist.strings in Resources */,
			);
			runOnlyForDeploymentPostprocessing = 0;
		};
/* End PBXResourcesBuildPhase section */

/* Begin PBXSourcesBuildPhase section */
		2ACD617D19260EBD005E5DA5 /* Sources */ = {
			isa = PBXSourcesBuildPhase;
			buildActionMask = 2147483647;
			files = (
				2ACD619119260EBD005E5DA5 /* main.m in Sources */,
				B23467A31974A61800FE3F7A /* APNumberPadDefaultStyle.m in Sources */,
				B2DD031B197578030051DD71 /* APBluePadStyle.m in Sources */,
				B23467A11974A61800FE3F7A /* APNumberButton.m in Sources */,
				B23467A21974A61800FE3F7A /* APNumberPad.m in Sources */,
				2ACD620619261A19005E5DA5 /* APNumberPadExampleViewController.m in Sources */,
				2ACD619519260EBD005E5DA5 /* APAppDelegate.m in Sources */,
				B23467A61974A66A00FE3F7A /* APDarkPadStyle.m in Sources */,
			);
			runOnlyForDeploymentPostprocessing = 0;
		};
		2ACD619819260EBD005E5DA5 /* Sources */ = {
			isa = PBXSourcesBuildPhase;
			buildActionMask = 2147483647;
			files = (
				2ACD61AA19260EBD005E5DA5 /* APNumberPadTests.m in Sources */,
			);
			runOnlyForDeploymentPostprocessing = 0;
		};
/* End PBXSourcesBuildPhase section */

/* Begin PBXTargetDependency section */
		2ACD61A219260EBD005E5DA5 /* PBXTargetDependency */ = {
			isa = PBXTargetDependency;
			target = 2ACD618019260EBD005E5DA5 /* APNumberPad */;
			targetProxy = 2ACD61A119260EBD005E5DA5 /* PBXContainerItemProxy */;
		};
/* End PBXTargetDependency section */

/* Begin PBXVariantGroup section */
		2ACD618D19260EBD005E5DA5 /* InfoPlist.strings */ = {
			isa = PBXVariantGroup;
			children = (
				2ACD618E19260EBD005E5DA5 /* en */,
			);
			name = InfoPlist.strings;
			sourceTree = "<group>";
		};
		2ACD61A619260EBD005E5DA5 /* InfoPlist.strings */ = {
			isa = PBXVariantGroup;
			children = (
				2ACD61A719260EBD005E5DA5 /* en */,
			);
			name = InfoPlist.strings;
			sourceTree = "<group>";
		};
/* End PBXVariantGroup section */

/* Begin XCBuildConfiguration section */
		2ACD61AB19260EBD005E5DA5 /* Debug */ = {
			isa = XCBuildConfiguration;
			buildSettings = {
				ALWAYS_SEARCH_USER_PATHS = NO;
				CLANG_CXX_LANGUAGE_STANDARD = "gnu++0x";
				CLANG_CXX_LIBRARY = "libc++";
				CLANG_ENABLE_MODULES = YES;
				CLANG_ENABLE_OBJC_ARC = YES;
				CLANG_WARN_BOOL_CONVERSION = YES;
				CLANG_WARN_CONSTANT_CONVERSION = YES;
				CLANG_WARN_DIRECT_OBJC_ISA_USAGE = YES_ERROR;
				CLANG_WARN_EMPTY_BODY = YES;
				CLANG_WARN_ENUM_CONVERSION = YES;
				CLANG_WARN_INT_CONVERSION = YES;
				CLANG_WARN_OBJC_ROOT_CLASS = YES_ERROR;
				CLANG_WARN__DUPLICATE_METHOD_MATCH = YES;
				"CODE_SIGN_IDENTITY[sdk=iphoneos*]" = "iPhone Developer";
				COPY_PHASE_STRIP = NO;
				GCC_C_LANGUAGE_STANDARD = gnu99;
				GCC_DYNAMIC_NO_PIC = NO;
				GCC_OPTIMIZATION_LEVEL = 0;
				GCC_PREPROCESSOR_DEFINITIONS = (
					"DEBUG=1",
					"$(inherited)",
				);
				GCC_SYMBOLS_PRIVATE_EXTERN = NO;
				GCC_WARN_64_TO_32_BIT_CONVERSION = YES;
				GCC_WARN_ABOUT_RETURN_TYPE = YES_ERROR;
				GCC_WARN_UNDECLARED_SELECTOR = YES;
				GCC_WARN_UNINITIALIZED_AUTOS = YES_AGGRESSIVE;
				GCC_WARN_UNUSED_FUNCTION = YES;
				GCC_WARN_UNUSED_VARIABLE = YES;
				IPHONEOS_DEPLOYMENT_TARGET = 6.0;
				ONLY_ACTIVE_ARCH = YES;
				SDKROOT = iphoneos;
			};
			name = Debug;
		};
		2ACD61AC19260EBD005E5DA5 /* Release */ = {
			isa = XCBuildConfiguration;
			buildSettings = {
				ALWAYS_SEARCH_USER_PATHS = NO;
				CLANG_CXX_LANGUAGE_STANDARD = "gnu++0x";
				CLANG_CXX_LIBRARY = "libc++";
				CLANG_ENABLE_MODULES = YES;
				CLANG_ENABLE_OBJC_ARC = YES;
				CLANG_WARN_BOOL_CONVERSION = YES;
				CLANG_WARN_CONSTANT_CONVERSION = YES;
				CLANG_WARN_DIRECT_OBJC_ISA_USAGE = YES_ERROR;
				CLANG_WARN_EMPTY_BODY = YES;
				CLANG_WARN_ENUM_CONVERSION = YES;
				CLANG_WARN_INT_CONVERSION = YES;
				CLANG_WARN_OBJC_ROOT_CLASS = YES_ERROR;
				CLANG_WARN__DUPLICATE_METHOD_MATCH = YES;
				"CODE_SIGN_IDENTITY[sdk=iphoneos*]" = "iPhone Developer";
				COPY_PHASE_STRIP = YES;
				ENABLE_NS_ASSERTIONS = NO;
				GCC_C_LANGUAGE_STANDARD = gnu99;
				GCC_WARN_64_TO_32_BIT_CONVERSION = YES;
				GCC_WARN_ABOUT_RETURN_TYPE = YES_ERROR;
				GCC_WARN_UNDECLARED_SELECTOR = YES;
				GCC_WARN_UNINITIALIZED_AUTOS = YES_AGGRESSIVE;
				GCC_WARN_UNUSED_FUNCTION = YES;
				GCC_WARN_UNUSED_VARIABLE = YES;
				IPHONEOS_DEPLOYMENT_TARGET = 6.0;
				SDKROOT = iphoneos;
				VALIDATE_PRODUCT = YES;
			};
			name = Release;
		};
		2ACD61AE19260EBD005E5DA5 /* Debug */ = {
			isa = XCBuildConfiguration;
			buildSettings = {
				ASSETCATALOG_COMPILER_APPICON_NAME = AppIcon;
				ASSETCATALOG_COMPILER_LAUNCHIMAGE_NAME = LaunchImage;
				GCC_PRECOMPILE_PREFIX_HEADER = YES;
				GCC_PREFIX_HEADER = "APNumberPad/APNumberPad-Prefix.pch";
				INFOPLIST_FILE = "APNumberPad/APNumberPad-Info.plist";
				PRODUCT_NAME = "$(TARGET_NAME)";
				WRAPPER_EXTENSION = app;
			};
			name = Debug;
		};
		2ACD61AF19260EBD005E5DA5 /* Release */ = {
			isa = XCBuildConfiguration;
			buildSettings = {
				ASSETCATALOG_COMPILER_APPICON_NAME = AppIcon;
				ASSETCATALOG_COMPILER_LAUNCHIMAGE_NAME = LaunchImage;
				GCC_PRECOMPILE_PREFIX_HEADER = YES;
				GCC_PREFIX_HEADER = "APNumberPad/APNumberPad-Prefix.pch";
				INFOPLIST_FILE = "APNumberPad/APNumberPad-Info.plist";
				PRODUCT_NAME = "$(TARGET_NAME)";
				WRAPPER_EXTENSION = app;
			};
			name = Release;
		};
		2ACD61B119260EBD005E5DA5 /* Debug */ = {
			isa = XCBuildConfiguration;
			buildSettings = {
				BUNDLE_LOADER = "$(BUILT_PRODUCTS_DIR)/APNumberPad.app/APNumberPad";
				FRAMEWORK_SEARCH_PATHS = (
					"$(SDKROOT)/Developer/Library/Frameworks",
					"$(inherited)",
					"$(DEVELOPER_FRAMEWORKS_DIR)",
				);
				GCC_PRECOMPILE_PREFIX_HEADER = YES;
				GCC_PREFIX_HEADER = "APNumberPad/APNumberPad-Prefix.pch";
				GCC_PREPROCESSOR_DEFINITIONS = (
					"DEBUG=1",
					"$(inherited)",
				);
				INFOPLIST_FILE = "APNumberPadTests/APNumberPadTests-Info.plist";
				PRODUCT_NAME = "$(TARGET_NAME)";
				TEST_HOST = "$(BUNDLE_LOADER)";
				WRAPPER_EXTENSION = xctest;
			};
			name = Debug;
		};
		2ACD61B219260EBD005E5DA5 /* Release */ = {
			isa = XCBuildConfiguration;
			buildSettings = {
				BUNDLE_LOADER = "$(BUILT_PRODUCTS_DIR)/APNumberPad.app/APNumberPad";
				FRAMEWORK_SEARCH_PATHS = (
					"$(SDKROOT)/Developer/Library/Frameworks",
					"$(inherited)",
					"$(DEVELOPER_FRAMEWORKS_DIR)",
				);
				GCC_PRECOMPILE_PREFIX_HEADER = YES;
				GCC_PREFIX_HEADER = "APNumberPad/APNumberPad-Prefix.pch";
				INFOPLIST_FILE = "APNumberPadTests/APNumberPadTests-Info.plist";
				PRODUCT_NAME = "$(TARGET_NAME)";
				TEST_HOST = "$(BUNDLE_LOADER)";
				WRAPPER_EXTENSION = xctest;
			};
			name = Release;
		};
/* End XCBuildConfiguration section */

/* Begin XCConfigurationList section */
		2ACD617C19260EBD005E5DA5 /* Build configuration list for PBXProject "APNumberPad" */ = {
			isa = XCConfigurationList;
			buildConfigurations = (
				2ACD61AB19260EBD005E5DA5 /* Debug */,
				2ACD61AC19260EBD005E5DA5 /* Release */,
			);
			defaultConfigurationIsVisible = 0;
			defaultConfigurationName = Release;
		};
		2ACD61AD19260EBD005E5DA5 /* Build configuration list for PBXNativeTarget "APNumberPad" */ = {
			isa = XCConfigurationList;
			buildConfigurations = (
				2ACD61AE19260EBD005E5DA5 /* Debug */,
				2ACD61AF19260EBD005E5DA5 /* Release */,
			);
			defaultConfigurationIsVisible = 0;
			defaultConfigurationName = Release;
		};
		2ACD61B019260EBD005E5DA5 /* Build configuration list for PBXNativeTarget "APNumberPadTests" */ = {
			isa = XCConfigurationList;
			buildConfigurations = (
				2ACD61B119260EBD005E5DA5 /* Debug */,
				2ACD61B219260EBD005E5DA5 /* Release */,
			);
			defaultConfigurationIsVisible = 0;
			defaultConfigurationName = Release;
		};
/* End XCConfigurationList section */
	};
	rootObject = 2ACD617919260EBD005E5DA5 /* Project object */;
}
